
Microsoft Visual Studio Solution File, Format Version 12.00
# Visual Studio Version 17
VisualStudioVersion = 17.11.35312.102
MinimumVisualStudioVersion = 10.0.40219.1
Project("{FAE04EC0-301F-11D3-BF4B-00C04F79EFBC}") = "CoffeeManagement", "CoffeeManagement\CoffeeManagement.csproj", "{EDAA9C2B-10DB-4D66-A66E-C4BD8E59EFCB}"
EndProject
Global
	GlobalSection(SolutionConfigurationPlatforms) = preSolution
		Debug|Any CPU = Debug|Any CPU
		Release|Any CPU = Release|Any CPU
	EndGlobalSection
	GlobalSection(ProjectConfigurationPlatforms) = postSolution
		{EDAA9C2B-10DB-4D66-A66E-C4BD8E59EFCB}.Debug|Any CPU.ActiveCfg = Debug|Any CPU
		{EDAA9C2B-10DB-4D66-A66E-C4BD8E59EFCB}.Debug|Any CPU.Build.0 = Debug|Any CPU
		{EDAA9C2B-10DB-4D66-A66E-C4BD8E59EFCB}.Release|Any CPU.ActiveCfg = Release|Any CPU
		{EDAA9C2B-10DB-4D66-A66E-C4BD8E59EFCB}.Release|Any CPU.Build.0 = Release|Any CPU
	EndGlobalSection
	GlobalSection(SolutionProperties) = preSolution
		HideSolutionNode = FALSE
	EndGlobalSection
	GlobalSection(ExtensibilityGlobals) = postSolution
		SolutionGuid = {A1D18E42-7576-49A6-84E4-EFF093F7937B}
	EndGlobalSection
EndGlobal
